
Microsoft Visual Studio Solution File, Format Version 10.00
# Visual Studio 2008
Project("{FAE04EC0-301F-11D3-BF4B-00C04F79EFBC}") = "OHQWindows", "OHQ\OHQWindows.csproj", "{7FA03C8F-CC74-4226-A25C-E76896A01111}"
	ProjectSection(ProjectDependencies) = postProject
		{20E9EAE5-F91A-45E2-859D-512BDBEEFBD2} = {20E9EAE5-F91A-45E2-859D-512BDBEEFBD2}
	EndProjectSection
EndProject
Project("{FAE04EC0-301F-11D3-BF4B-00C04F79EFBC}") = "OHQDataWindows", "OHQDataWindows\OHQDataWindows.csproj", "{20E9EAE5-F91A-45E2-859D-512BDBEEFBD2}"
EndProject
Project("{FAE04EC0-301F-11D3-BF4B-00C04F79EFBC}") = "OHQProcessors", "OHQProcessors\OHQProcessors.csproj", "{B83C3884-8BB1-493C-9DAA-6DAF3F20CDEF}"
EndProject
Project("{FAE04EC0-301F-11D3-BF4B-00C04F79EFBC}") = "UnitTests", "UnitTests\UnitTests.csproj", "{0EF14C5B-E170-41BA-B6F4-4F22E5C740B2}"
EndProject
Global
	GlobalSection(SolutionConfigurationPlatforms) = preSolution
		Debug|Any CPU = Debug|Any CPU
		Debug|Mixed Platforms = Debug|Mixed Platforms
		Debug|x86 = Debug|x86
		Debug|Xbox 360 = Debug|Xbox 360
		Release|Any CPU = Release|Any CPU
		Release|Mixed Platforms = Release|Mixed Platforms
		Release|x86 = Release|x86
		Release|Xbox 360 = Release|Xbox 360
	EndGlobalSection
	GlobalSection(ProjectConfigurationPlatforms) = postSolution
		{7FA03C8F-CC74-4226-A25C-E76896A01111}.Debug|Any CPU.ActiveCfg = Debug|x86
		{7FA03C8F-CC74-4226-A25C-E76896A01111}.Debug|Mixed Platforms.ActiveCfg = Debug|x86
		{7FA03C8F-CC74-4226-A25C-E76896A01111}.Debug|Mixed Platforms.Build.0 = Debug|x86
		{7FA03C8F-CC74-4226-A25C-E76896A01111}.Debug|x86.ActiveCfg = Debug|x86
		{7FA03C8F-CC74-4226-A25C-E76896A01111}.Debug|x86.Build.0 = Debug|x86
		{7FA03C8F-CC74-4226-A25C-E76896A01111}.Debug|Xbox 360.ActiveCfg = Debug|x86
		{7FA03C8F-CC74-4226-A25C-E76896A01111}.Release|Any CPU.ActiveCfg = Release|x86
		{7FA03C8F-CC74-4226-A25C-E76896A01111}.Release|Mixed Platforms.ActiveCfg = Release|x86
		{7FA03C8F-CC74-4226-A25C-E76896A01111}.Release|Mixed Platforms.Build.0 = Release|x86
		{7FA03C8F-CC74-4226-A25C-E76896A01111}.Release|x86.ActiveCfg = Release|x86
		{7FA03C8F-CC74-4226-A25C-E76896A01111}.Release|x86.Build.0 = Release|x86
		{7FA03C8F-CC74-4226-A25C-E76896A01111}.Release|Xbox 360.ActiveCfg = Release|x86
		{20E9EAE5-F91A-45E2-859D-512BDBEEFBD2}.Debug|Any CPU.ActiveCfg = Debug|Any CPU
		{20E9EAE5-F91A-45E2-859D-512BDBEEFBD2}.Debug|Any CPU.Build.0 = Debug|Any CPU
		{20E9EAE5-F91A-45E2-859D-512BDBEEFBD2}.Debug|Mixed Platforms.ActiveCfg = Debug|Any CPU
		{20E9EAE5-F91A-45E2-859D-512BDBEEFBD2}.Debug|Mixed Platforms.Build.0 = Debug|Any CPU
		{20E9EAE5-F91A-45E2-859D-512BDBEEFBD2}.Debug|x86.ActiveCfg = Debug|Any CPU
		{20E9EAE5-F91A-45E2-859D-512BDBEEFBD2}.Debug|Xbox 360.ActiveCfg = Debug|Any CPU
		{20E9EAE5-F91A-45E2-859D-512BDBEEFBD2}.Release|Any CPU.ActiveCfg = Release|Any CPU
		{20E9EAE5-F91A-45E2-859D-512BDBEEFBD2}.Release|Any CPU.Build.0 = Release|Any CPU
		{20E9EAE5-F91A-45E2-859D-512BDBEEFBD2}.Release|Mixed Platforms.ActiveCfg = Release|Any CPU
		{20E9EAE5-F91A-45E2-859D-512BDBEEFBD2}.Release|Mixed Platforms.Build.0 = Release|Any CPU
		{20E9EAE5-F91A-45E2-859D-512BDBEEFBD2}.Release|x86.ActiveCfg = Release|Any CPU
		{20E9EAE5-F91A-45E2-859D-512BDBEEFBD2}.Release|Xbox 360.ActiveCfg = Release|Any CPU
		{B83C3884-8BB1-493C-9DAA-6DAF3F20CDEF}.Debug|Any CPU.ActiveCfg = Debug|Any CPU
		{B83C3884-8BB1-493C-9DAA-6DAF3F20CDEF}.Debug|Any CPU.Build.0 = Debug|Any CPU
		{B83C3884-8BB1-493C-9DAA-6DAF3F20CDEF}.Debug|Mixed Platforms.ActiveCfg = Debug|Any CPU
		{B83C3884-8BB1-493C-9DAA-6DAF3F20CDEF}.Debug|Mixed Platforms.Build.0 = Debug|Any CPU
		{B83C3884-8BB1-493C-9DAA-6DAF3F20CDEF}.Debug|x86.ActiveCfg = Debug|Any CPU
		{B83C3884-8BB1-493C-9DAA-6DAF3F20CDEF}.Debug|Xbox 360.ActiveCfg = Debug|Any CPU
		{B83C3884-8BB1-493C-9DAA-6DAF3F20CDEF}.Release|Any CPU.ActiveCfg = Release|Any CPU
		{B83C3884-8BB1-493C-9DAA-6DAF3F20CDEF}.Release|Any CPU.Build.0 = Release|Any CPU
		{B83C3884-8BB1-493C-9DAA-6DAF3F20CDEF}.Release|Mixed Platforms.ActiveCfg = Release|Any CPU
		{B83C3884-8BB1-493C-9DAA-6DAF3F20CDEF}.Release|Mixed Platforms.Build.0 = Release|Any CPU
		{B83C3884-8BB1-493C-9DAA-6DAF3F20CDEF}.Release|x86.ActiveCfg = Release|Any CPU
		{B83C3884-8BB1-493C-9DAA-6DAF3F20CDEF}.Release|Xbox 360.ActiveCfg = Release|Any CPU
		{0EF14C5B-E170-41BA-B6F4-4F22E5C740B2}.Debug|Any CPU.ActiveCfg = Debug|Any CPU
		{0EF14C5B-E170-41BA-B6F4-4F22E5C740B2}.Debug|Any CPU.Build.0 = Debug|Any CPU
		{0EF14C5B-E170-41BA-B6F4-4F22E5C740B2}.Debug|Mixed Platforms.ActiveCfg = Debug|Any CPU
		{0EF14C5B-E170-41BA-B6F4-4F22E5C740B2}.Debug|Mixed Platforms.Build.0 = Debug|Any CPU
		{0EF14C5B-E170-41BA-B6F4-4F22E5C740B2}.Debug|x86.ActiveCfg = Debug|Any CPU
		{0EF14C5B-E170-41BA-B6F4-4F22E5C740B2}.Debug|Xbox 360.ActiveCfg = Debug|Any CPU
		{0EF14C5B-E170-41BA-B6F4-4F22E5C740B2}.Release|Any CPU.ActiveCfg = Release|Any CPU
		{0EF14C5B-E170-41BA-B6F4-4F22E5C740B2}.Release|Any CPU.Build.0 = Release|Any CPU
		{0EF14C5B-E170-41BA-B6F4-4F22E5C740B2}.Release|Mixed Platforms.ActiveCfg = Release|Any CPU
		{0EF14C5B-E170-41BA-B6F4-4F22E5C740B2}.Release|Mixed Platforms.Build.0 = Release|Any CPU
		{0EF14C5B-E170-41BA-B6F4-4F22E5C740B2}.Release|x86.ActiveCfg = Release|Any CPU
		{0EF14C5B-E170-41BA-B6F4-4F22E5C740B2}.Release|Xbox 360.ActiveCfg = Release|Any CPU
		{2B2F429E-D7D1-4A60-A8C7-F6AD7335F7C9}.Debug|Any CPU.ActiveCfg = Debug|x86
		{2B2F429E-D7D1-4A60-A8C7-F6AD7335F7C9}.Debug|Mixed Platforms.ActiveCfg = Debug|x86
		{2B2F429E-D7D1-4A60-A8C7-F6AD7335F7C9}.Debug|x86.ActiveCfg = Debug|x86
		{2B2F429E-D7D1-4A60-A8C7-F6AD7335F7C9}.Debug|Xbox 360.ActiveCfg = Debug|x86
		{2B2F429E-D7D1-4A60-A8C7-F6AD7335F7C9}.Release|Any CPU.ActiveCfg = Release|x86
		{2B2F429E-D7D1-4A60-A8C7-F6AD7335F7C9}.Release|Mixed Platforms.ActiveCfg = Release|x86
		{2B2F429E-D7D1-4A60-A8C7-F6AD7335F7C9}.Release|x86.ActiveCfg = Release|x86
		{2B2F429E-D7D1-4A60-A8C7-F6AD7335F7C9}.Release|Xbox 360.ActiveCfg = Release|x86
	EndGlobalSection
	GlobalSection(SolutionProperties) = preSolution
		HideSolutionNode = FALSE
	EndGlobalSection
EndGlobal
